
Microsoft Visual Studio Solution File, Format Version 12.00
# Visual Studio 14
VisualStudioVersion = 14.0.24720.0
MinimumVisualStudioVersion = 10.0.40219.1
Project("{FAE04EC0-301F-11D3-BF4B-00C04F79EFBC}") = "HelloWorldCalculator", "HelloWorldCalculator\HelloWorldCalculator.csproj", "{EFEB64D3-C404-4BDA-BFEC-8B9B38F55466}"
EndProject
Global
	GlobalSection(SolutionConfigurationPlatforms) = preSolution
		Debug|Any CPU = Debug|Any CPU
		Release|Any CPU = Release|Any CPU
	EndGlobalSection
	GlobalSection(ProjectConfigurationPlatforms) = postSolution
		{EFEB64D3-C404-4BDA-BFEC-8B9B38F55466}.Debug|Any CPU.ActiveCfg = Debug|Any CPU
		{EFEB64D3-C404-4BDA-BFEC-8B9B38F55466}.Debug|Any CPU.Build.0 = Debug|Any CPU
		{EFEB64D3-C404-4BDA-BFEC-8B9B38F55466}.Release|Any CPU.ActiveCfg = Release|Any CPU
		{EFEB64D3-C404-4BDA-BFEC-8B9B38F55466}.Release|Any CPU.Build.0 = Release|Any CPU
	EndGlobalSection
	GlobalSection(SolutionProperties) = preSolution
		HideSolutionNode = FALSE
	EndGlobalSection
EndGlobal
